
Microsoft Visual Studio Solution File, Format Version 12.00
# Visual Studio Version 17
VisualStudioVersion = 17.9.34701.34
MinimumVisualStudioVersion = 10.0.40219.1
Project("{FAE04EC0-301F-11D3-BF4B-00C04F79EFBC}") = "APBD2", "APBD2\APBD2.csproj", "{2ECE034F-0A1B-4848-B1BA-8023BCFCB3B5}"
EndProject
Global
	GlobalSection(SolutionConfigurationPlatforms) = preSolution
		Debug|Any CPU = Debug|Any CPU
		Release|Any CPU = Release|Any CPU
	EndGlobalSection
	GlobalSection(ProjectConfigurationPlatforms) = postSolution
		{2ECE034F-0A1B-4848-B1BA-8023BCFCB3B5}.Debug|Any CPU.ActiveCfg = Debug|Any CPU
		{2ECE034F-0A1B-4848-B1BA-8023BCFCB3B5}.Debug|Any CPU.Build.0 = Debug|Any CPU
		{2ECE034F-0A1B-4848-B1BA-8023BCFCB3B5}.Release|Any CPU.ActiveCfg = Release|Any CPU
		{2ECE034F-0A1B-4848-B1BA-8023BCFCB3B5}.Release|Any CPU.Build.0 = Release|Any CPU
	EndGlobalSection
	GlobalSection(SolutionProperties) = preSolution
		HideSolutionNode = FALSE
	EndGlobalSection
	GlobalSection(ExtensibilityGlobals) = postSolution
		SolutionGuid = {6AD2A1E3-56E2-484A-86AA-E328C0BE7920}
	EndGlobalSection
EndGlobal
